
Microsoft Visual Studio Solution File, Format Version 12.00
# Visual Studio 15
VisualStudioVersion = 15.0.28307.779
MinimumVisualStudioVersion = 10.0.40219.1
Project("{FAE04EC0-301F-11D3-BF4B-00C04F79EFBC}") = "ContosoUniversity", "ContosoUniversity\ContosoUniversity.csproj", "{9B89D6EF-E517-4B59-8D53-5B1EBA24D59A}"
EndProject
Global
	GlobalSection(SolutionConfigurationPlatforms) = preSolution
		Debug|Any CPU = Debug|Any CPU
		Release|Any CPU = Release|Any CPU
	EndGlobalSection
	GlobalSection(ProjectConfigurationPlatforms) = postSolution
		{9B89D6EF-E517-4B59-8D53-5B1EBA24D59A}.Debug|Any CPU.ActiveCfg = Debug|Any CPU
		{9B89D6EF-E517-4B59-8D53-5B1EBA24D59A}.Debug|Any CPU.Build.0 = Debug|Any CPU
		{9B89D6EF-E517-4B59-8D53-5B1EBA24D59A}.Release|Any CPU.ActiveCfg = Release|Any CPU
		{9B89D6EF-E517-4B59-8D53-5B1EBA24D59A}.Release|Any CPU.Build.0 = Release|Any CPU
	EndGlobalSection
	GlobalSection(SolutionProperties) = preSolution
		HideSolutionNode = FALSE
	EndGlobalSection
	GlobalSection(ExtensibilityGlobals) = postSolution
		SolutionGuid = {9070BB44-FE90-4162-875D-F5E0579A1B86}
	EndGlobalSection
EndGlobal
